
Microsoft Visual Studio Solution File, Format Version 12.00
# Visual Studio Version 16
VisualStudioVersion = 16.0.29306.81
MinimumVisualStudioVersion = 10.0.40219.1
Project("{FAE04EC0-301F-11D3-BF4B-00C04F79EFBC}") = "Live_Web", "Live_Web.csproj", "{381D1B37-642E-4C0F-94B9-E916A607C7B5}"
EndProject
Global
	GlobalSection(SolutionConfigurationPlatforms) = preSolution
		Debug|Any CPU = Debug|Any CPU
		Release|Any CPU = Release|Any CPU
	EndGlobalSection
	GlobalSection(ProjectConfigurationPlatforms) = postSolution
		{381D1B37-642E-4C0F-94B9-E916A607C7B5}.Debug|Any CPU.ActiveCfg = Debug|Any CPU
		{381D1B37-642E-4C0F-94B9-E916A607C7B5}.Debug|Any CPU.Build.0 = Debug|Any CPU
		{381D1B37-642E-4C0F-94B9-E916A607C7B5}.Release|Any CPU.ActiveCfg = Release|Any CPU
		{381D1B37-642E-4C0F-94B9-E916A607C7B5}.Release|Any CPU.Build.0 = Release|Any CPU
	EndGlobalSection
	GlobalSection(SolutionProperties) = preSolution
		HideSolutionNode = FALSE
	EndGlobalSection
	GlobalSection(ExtensibilityGlobals) = postSolution
		SolutionGuid = {66F90C04-09C6-4EB8-9BE1-0FD5E47D1822}
	EndGlobalSection
EndGlobal
